
Microsoft Visual Studio Solution File, Format Version 12.00
# Visual Studio Version 17
VisualStudioVersion = 17.7.34031.279
MinimumVisualStudioVersion = 10.0.40219.1
Project("{FAE04EC0-301F-11D3-BF4B-00C04F79EFBC}") = "TIMER", "Timer\TIMER.csproj", "{69665076-B620-45BA-8942-BE8D5168C0F1}"
EndProject
Global
	GlobalSection(SolutionConfigurationPlatforms) = preSolution
		Debug|Any CPU = Debug|Any CPU
		Release|Any CPU = Release|Any CPU
	EndGlobalSection
	GlobalSection(ProjectConfigurationPlatforms) = postSolution
		{69665076-B620-45BA-8942-BE8D5168C0F1}.Debug|Any CPU.ActiveCfg = Debug|Any CPU
		{69665076-B620-45BA-8942-BE8D5168C0F1}.Debug|Any CPU.Build.0 = Debug|Any CPU
		{69665076-B620-45BA-8942-BE8D5168C0F1}.Release|Any CPU.ActiveCfg = Release|Any CPU
		{69665076-B620-45BA-8942-BE8D5168C0F1}.Release|Any CPU.Build.0 = Release|Any CPU
	EndGlobalSection
	GlobalSection(SolutionProperties) = preSolution
		HideSolutionNode = FALSE
	EndGlobalSection
	GlobalSection(ExtensibilityGlobals) = postSolution
		SolutionGuid = {A6274DC0-BA69-4191-8BF8-DCCE7ED2EFE5}
	EndGlobalSection
EndGlobal
